
Microsoft Visual Studio Solution File, Format Version 12.00
# Visual Studio 15
VisualStudioVersion = 15.0.28010.2036
MinimumVisualStudioVersion = 10.0.40219.1
Project("{9A19103F-16F7-4668-BE54-9A1E7A4F7556}") = "WebAPI", "WebAPI\WebAPI.csproj", "{A48F6771-D863-4A24-95CA-45CA4C2BCF9E}"
EndProject
Project("{FAE04EC0-301F-11D3-BF4B-00C04F79EFBC}") = "ToDoAPITest", "ToDoAPITest\ToDoAPITest.csproj", "{69E462AB-4CA1-4DC1-83C9-0F73E205724E}"
EndProject
Global
	GlobalSection(SolutionConfigurationPlatforms) = preSolution
		Debug|Any CPU = Debug|Any CPU
		Release|Any CPU = Release|Any CPU
	EndGlobalSection
	GlobalSection(ProjectConfigurationPlatforms) = postSolution
		{A48F6771-D863-4A24-95CA-45CA4C2BCF9E}.Debug|Any CPU.ActiveCfg = Debug|Any CPU
		{A48F6771-D863-4A24-95CA-45CA4C2BCF9E}.Debug|Any CPU.Build.0 = Debug|Any CPU
		{A48F6771-D863-4A24-95CA-45CA4C2BCF9E}.Release|Any CPU.ActiveCfg = Release|Any CPU
		{A48F6771-D863-4A24-95CA-45CA4C2BCF9E}.Release|Any CPU.Build.0 = Release|Any CPU
		{69E462AB-4CA1-4DC1-83C9-0F73E205724E}.Debug|Any CPU.ActiveCfg = Debug|Any CPU
		{69E462AB-4CA1-4DC1-83C9-0F73E205724E}.Debug|Any CPU.Build.0 = Debug|Any CPU
		{69E462AB-4CA1-4DC1-83C9-0F73E205724E}.Release|Any CPU.ActiveCfg = Release|Any CPU
		{69E462AB-4CA1-4DC1-83C9-0F73E205724E}.Release|Any CPU.Build.0 = Release|Any CPU
	EndGlobalSection
	GlobalSection(SolutionProperties) = preSolution
		HideSolutionNode = FALSE
	EndGlobalSection
	GlobalSection(ExtensibilityGlobals) = postSolution
		SolutionGuid = {865FC0BD-993E-4A4B-8781-1FA46B17C4DA}
	EndGlobalSection
EndGlobal
